
Microsoft Visual Studio Solution File, Format Version 12.00
# Visual Studio Version 17
VisualStudioVersion = 17.10.35122.118
MinimumVisualStudioVersion = 10.0.40219.1
Project("{FAE04EC0-301F-11D3-BF4B-00C04F79EFBC}") = "Teori_Praktek_M07", "Teroi_Praktek_M07\Teori_Praktek_M07.csproj", "{E1EECC6D-2AAC-4AEA-962F-C26C421D7F63}"
EndProject
Global
	GlobalSection(SolutionConfigurationPlatforms) = preSolution
		Debug|Any CPU = Debug|Any CPU
		Release|Any CPU = Release|Any CPU
	EndGlobalSection
	GlobalSection(ProjectConfigurationPlatforms) = postSolution
		{E1EECC6D-2AAC-4AEA-962F-C26C421D7F63}.Debug|Any CPU.ActiveCfg = Debug|Any CPU
		{E1EECC6D-2AAC-4AEA-962F-C26C421D7F63}.Debug|Any CPU.Build.0 = Debug|Any CPU
		{E1EECC6D-2AAC-4AEA-962F-C26C421D7F63}.Release|Any CPU.ActiveCfg = Release|Any CPU
		{E1EECC6D-2AAC-4AEA-962F-C26C421D7F63}.Release|Any CPU.Build.0 = Release|Any CPU
	EndGlobalSection
	GlobalSection(SolutionProperties) = preSolution
		HideSolutionNode = FALSE
	EndGlobalSection
	GlobalSection(ExtensibilityGlobals) = postSolution
		SolutionGuid = {999BD552-3BD0-43BB-98AE-40FCD0FB9FA7}
	EndGlobalSection
EndGlobal
