
Microsoft Visual Studio Solution File, Format Version 12.00
# Visual Studio Version 16
VisualStudioVersion = 16.0.32228.343
MinimumVisualStudioVersion = 10.0.40219.1
Project("{FAE04EC0-301F-11D3-BF4B-00C04F79EFBC}") = "Teori", "Teori\Teori.csproj", "{6EC03C50-EC82-4AAD-95AC-E9A7B0B8EAB2}"
EndProject
Project("{FAE04EC0-301F-11D3-BF4B-00C04F79EFBC}") = "Praktek", "Praktek\Praktek.csproj", "{C371950F-023F-4453-AB22-CB64A0977182}"
EndProject
Global
	GlobalSection(SolutionConfigurationPlatforms) = preSolution
		Debug|Any CPU = Debug|Any CPU
		Release|Any CPU = Release|Any CPU
	EndGlobalSection
	GlobalSection(ProjectConfigurationPlatforms) = postSolution
		{6EC03C50-EC82-4AAD-95AC-E9A7B0B8EAB2}.Debug|Any CPU.ActiveCfg = Debug|Any CPU
		{6EC03C50-EC82-4AAD-95AC-E9A7B0B8EAB2}.Debug|Any CPU.Build.0 = Debug|Any CPU
		{6EC03C50-EC82-4AAD-95AC-E9A7B0B8EAB2}.Release|Any CPU.ActiveCfg = Release|Any CPU
		{6EC03C50-EC82-4AAD-95AC-E9A7B0B8EAB2}.Release|Any CPU.Build.0 = Release|Any CPU
		{C371950F-023F-4453-AB22-CB64A0977182}.Debug|Any CPU.ActiveCfg = Debug|Any CPU
		{C371950F-023F-4453-AB22-CB64A0977182}.Debug|Any CPU.Build.0 = Debug|Any CPU
		{C371950F-023F-4453-AB22-CB64A0977182}.Release|Any CPU.ActiveCfg = Release|Any CPU
		{C371950F-023F-4453-AB22-CB64A0977182}.Release|Any CPU.Build.0 = Release|Any CPU
	EndGlobalSection
	GlobalSection(SolutionProperties) = preSolution
		HideSolutionNode = FALSE
	EndGlobalSection
	GlobalSection(ExtensibilityGlobals) = postSolution
		SolutionGuid = {5D6111D4-B98C-4A6A-9898-FEB3EB938C16}
	EndGlobalSection
EndGlobal
